
Microsoft Visual Studio Solution File, Format Version 12.00
# Visual Studio Version 17
VisualStudioVersion = 17.3.32901.215
MinimumVisualStudioVersion = 10.0.40219.1
Project("{8BC9CEB8-8B4A-11D0-8D11-00A0C91BC942}") = "GameTest", "GameTest.vcxproj", "{D65EA7DE-FBA2-441D-BE74-B376437D08E0}"
EndProject
Project("{8BC9CEB8-8B4A-11D0-8D11-00A0C91BC942}") = "AtgFramework", "deps\AtgFramework\AtgFramework2010.vcxproj", "{91D208A6-9936-47FD-9659-67205C3EB0AB}"
EndProject
Project("{2150E333-8FDC-42A3-9474-1A3956D46DE8}") = "FormatConfig", "FormatConfig", "{0E9BB604-7AF6-41E2-9651-2596DFB3E986}"
	ProjectSection(SolutionItems) = preProject
		.clang-format = .clang-format
		.editorconfig = .editorconfig
	EndProjectSection
EndProject
Global
	GlobalSection(SolutionConfigurationPlatforms) = preSolution
		Release|Xbox 360 = Release|Xbox 360
		Xenia|Xbox 360 = Xenia|Xbox 360
	EndGlobalSection
	GlobalSection(ProjectConfigurationPlatforms) = postSolution
		{D65EA7DE-FBA2-441D-BE74-B376437D08E0}.Release|Xbox 360.ActiveCfg = Release|Xbox 360
		{D65EA7DE-FBA2-441D-BE74-B376437D08E0}.Release|Xbox 360.Build.0 = Release|Xbox 360
		{D65EA7DE-FBA2-441D-BE74-B376437D08E0}.Release|Xbox 360.Deploy.0 = Release|Xbox 360
		{D65EA7DE-FBA2-441D-BE74-B376437D08E0}.Xenia|Xbox 360.ActiveCfg = Xenia|Xbox 360
		{D65EA7DE-FBA2-441D-BE74-B376437D08E0}.Xenia|Xbox 360.Build.0 = Xenia|Xbox 360
		{91D208A6-9936-47FD-9659-67205C3EB0AB}.Release|Xbox 360.ActiveCfg = Release|Xbox 360
		{91D208A6-9936-47FD-9659-67205C3EB0AB}.Release|Xbox 360.Build.0 = Release|Xbox 360
		{91D208A6-9936-47FD-9659-67205C3EB0AB}.Release|Xbox 360.Deploy.0 = Release|Xbox 360
		{91D208A6-9936-47FD-9659-67205C3EB0AB}.Xenia|Xbox 360.ActiveCfg = Xenia|Xbox 360
		{91D208A6-9936-47FD-9659-67205C3EB0AB}.Xenia|Xbox 360.Build.0 = Xenia|Xbox 360
	EndGlobalSection
	GlobalSection(SolutionProperties) = preSolution
		HideSolutionNode = FALSE
	EndGlobalSection
	GlobalSection(ExtensibilityGlobals) = postSolution
		SolutionGuid = {90098385-B7B7-4ACA-848A-1023D90193B0}
	EndGlobalSection
EndGlobal
